
Microsoft Visual Studio Solution File, Format Version 12.00
# Visual Studio Version 17
VisualStudioVersion = 17.6.33829.357
MinimumVisualStudioVersion = 10.0.40219.1
Project("{FAE04EC0-301F-11D3-BF4B-00C04F79EFBC}") = "Letgo.Entities", "Letgo.Entities\Letgo.Entities.csproj", "{4DEFCE1E-E500-4FF1-937F-B48541B1D366}"
EndProject
Global
	GlobalSection(SolutionConfigurationPlatforms) = preSolution
		Debug|Any CPU = Debug|Any CPU
		Release|Any CPU = Release|Any CPU
	EndGlobalSection
	GlobalSection(ProjectConfigurationPlatforms) = postSolution
		{4DEFCE1E-E500-4FF1-937F-B48541B1D366}.Debug|Any CPU.ActiveCfg = Debug|Any CPU
		{4DEFCE1E-E500-4FF1-937F-B48541B1D366}.Debug|Any CPU.Build.0 = Debug|Any CPU
		{4DEFCE1E-E500-4FF1-937F-B48541B1D366}.Release|Any CPU.ActiveCfg = Release|Any CPU
		{4DEFCE1E-E500-4FF1-937F-B48541B1D366}.Release|Any CPU.Build.0 = Release|Any CPU
	EndGlobalSection
	GlobalSection(SolutionProperties) = preSolution
		HideSolutionNode = FALSE
	EndGlobalSection
	GlobalSection(ExtensibilityGlobals) = postSolution
		SolutionGuid = {015823D3-1E32-4493-9735-EECD3B5F319B}
	EndGlobalSection
EndGlobal
